{
  "name": "intuitxn-workspace",
  "lockfileVersion": 3,
  "requires": true,
  "packages": {
    "": {
      "name": "intuitxn-workspace",
      "workspaces": [
        "runtime/desk"
      ],
      "engines": {
        "node": ">=22.13.0"
      }
    },
    "node_modules/@intuitxn/desk": {
      "resolved": "runtime/desk",
      "link": true
    },
    "runtime/desk": {
      "name": "@intuitxn/desk",
      "version": "0.1.0"
    }
  }
}
